
Microsoft Visual Studio Solution File, Format Version 12.00
# Visual Studio Version 17
VisualStudioVersion = 17.8.34316.72
MinimumVisualStudioVersion = 10.0.40219.1
Project("{FAE04EC0-301F-11D3-BF4B-00C04F79EFBC}") = "CoffeeApp.Android", "CoffeeApp\CoffeeApp.Android\CoffeeApp.Android.csproj", "{A333BC18-B811-4118-8996-FCFD1DC82364}"
EndProject
Project("{FAE04EC0-301F-11D3-BF4B-00C04F79EFBC}") = "CoffeeApp", "CoffeeApp\CoffeeApp\CoffeeApp.csproj", "{45C3C873-A8F5-41C9-A1AF-13371157910B}"
EndProject
Global
	GlobalSection(SolutionConfigurationPlatforms) = preSolution
		Debug|Any CPU = Debug|Any CPU
		Release|Any CPU = Release|Any CPU
	EndGlobalSection
	GlobalSection(ProjectConfigurationPlatforms) = postSolution
		{A333BC18-B811-4118-8996-FCFD1DC82364}.Debug|Any CPU.ActiveCfg = Debug|Any CPU
		{A333BC18-B811-4118-8996-FCFD1DC82364}.Debug|Any CPU.Build.0 = Debug|Any CPU
		{A333BC18-B811-4118-8996-FCFD1DC82364}.Debug|Any CPU.Deploy.0 = Debug|Any CPU
		{A333BC18-B811-4118-8996-FCFD1DC82364}.Release|Any CPU.ActiveCfg = Release|Any CPU
		{A333BC18-B811-4118-8996-FCFD1DC82364}.Release|Any CPU.Build.0 = Release|Any CPU
		{A333BC18-B811-4118-8996-FCFD1DC82364}.Release|Any CPU.Deploy.0 = Release|Any CPU
		{45C3C873-A8F5-41C9-A1AF-13371157910B}.Debug|Any CPU.ActiveCfg = Debug|Any CPU
		{45C3C873-A8F5-41C9-A1AF-13371157910B}.Debug|Any CPU.Build.0 = Debug|Any CPU
		{45C3C873-A8F5-41C9-A1AF-13371157910B}.Release|Any CPU.ActiveCfg = Release|Any CPU
		{45C3C873-A8F5-41C9-A1AF-13371157910B}.Release|Any CPU.Build.0 = Release|Any CPU
	EndGlobalSection
	GlobalSection(SolutionProperties) = preSolution
		HideSolutionNode = FALSE
	EndGlobalSection
	GlobalSection(ExtensibilityGlobals) = postSolution
		SolutionGuid = {5E9E0471-77E0-46A5-8ACB-FF2C2A67AF5C}
	EndGlobalSection
EndGlobal
